
Microsoft Visual Studio Solution File, Format Version 12.00
# Visual Studio Version 16
VisualStudioVersion = 16.0.30611.23
MinimumVisualStudioVersion = 10.0.40219.1
Project("{FAE04EC0-301F-11D3-BF4B-00C04F79EFBC}") = "HangManGame", "HangManGame\HangManGame.csproj", "{49FF1CAC-81E8-48D5-893F-52E8E2F6249B}"
EndProject
Global
	GlobalSection(SolutionConfigurationPlatforms) = preSolution
		Debug|Any CPU = Debug|Any CPU
		Release|Any CPU = Release|Any CPU
	EndGlobalSection
	GlobalSection(ProjectConfigurationPlatforms) = postSolution
		{49FF1CAC-81E8-48D5-893F-52E8E2F6249B}.Debug|Any CPU.ActiveCfg = Debug|Any CPU
		{49FF1CAC-81E8-48D5-893F-52E8E2F6249B}.Debug|Any CPU.Build.0 = Debug|Any CPU
		{49FF1CAC-81E8-48D5-893F-52E8E2F6249B}.Release|Any CPU.ActiveCfg = Release|Any CPU
		{49FF1CAC-81E8-48D5-893F-52E8E2F6249B}.Release|Any CPU.Build.0 = Release|Any CPU
	EndGlobalSection
	GlobalSection(SolutionProperties) = preSolution
		HideSolutionNode = FALSE
	EndGlobalSection
	GlobalSection(ExtensibilityGlobals) = postSolution
		SolutionGuid = {EA7A6ABE-0AB5-4246-B90D-8F9D99FE3A1E}
	EndGlobalSection
EndGlobal
